
Microsoft Visual Studio Solution File, Format Version 12.00
# Visual Studio Version 17
VisualStudioVersion = 17.3.32929.385
MinimumVisualStudioVersion = 10.0.40219.1
Project("{FAE04EC0-301F-11D3-BF4B-00C04F79EFBC}") = "Mastermind", "Mastermind\Mastermind.csproj", "{548874B7-ABC8-4C2C-99FF-ECDB05C00D60}"
EndProject
Global
	GlobalSection(SolutionConfigurationPlatforms) = preSolution
		Debug|Any CPU = Debug|Any CPU
		Release|Any CPU = Release|Any CPU
	EndGlobalSection
	GlobalSection(ProjectConfigurationPlatforms) = postSolution
		{548874B7-ABC8-4C2C-99FF-ECDB05C00D60}.Debug|Any CPU.ActiveCfg = Debug|Any CPU
		{548874B7-ABC8-4C2C-99FF-ECDB05C00D60}.Debug|Any CPU.Build.0 = Debug|Any CPU
		{548874B7-ABC8-4C2C-99FF-ECDB05C00D60}.Release|Any CPU.ActiveCfg = Release|Any CPU
		{548874B7-ABC8-4C2C-99FF-ECDB05C00D60}.Release|Any CPU.Build.0 = Release|Any CPU
	EndGlobalSection
	GlobalSection(SolutionProperties) = preSolution
		HideSolutionNode = FALSE
	EndGlobalSection
	GlobalSection(ExtensibilityGlobals) = postSolution
		SolutionGuid = {70B535B8-FA4F-482A-ADD6-EA233570AE9F}
	EndGlobalSection
EndGlobal
